
Microsoft Visual Studio Solution File, Format Version 12.00
# Visual Studio 15
VisualStudioVersion = 15.0.26228.9
MinimumVisualStudioVersion = 10.0.40219.1
Project("{2150E333-8FDC-42A3-9474-1A3956D46DE8}") = "src", "src", "{F10459BC-D492-4B7E-9EFF-8817E74D8432}"
EndProject
Project("{2150E333-8FDC-42A3-9474-1A3956D46DE8}") = "demo", "demo", "{D831DFB1-8701-43A2-B36C-1BE9D08ED3CA}"
EndProject
Project("{9A19103F-16F7-4668-BE54-9A1E7A4F7556}") = "Mos.xApi", "src\Mos.xApi\Mos.xApi.csproj", "{CD621FE4-8CF8-4260-BE5A-4FE1697CC5B2}"
EndProject
Project("{9A19103F-16F7-4668-BE54-9A1E7A4F7556}") = "Mos.xAPI.DemoUsageApp", "demo\Mos.xAPI.DemoUsageApp\Mos.xAPI.DemoUsageApp.csproj", "{474C1498-4485-4E2A-B836-5D2C9FD37E52}"
EndProject
Project("{2150E333-8FDC-42A3-9474-1A3956D46DE8}") = "tests", "tests", "{B1DB09B9-2313-4B5D-962C-6393528641E0}"
EndProject
Project("{FAE04EC0-301F-11D3-BF4B-00C04F79EFBC}") = "Mos.xApi.Tests", "tests\Mos.xApi.Tests\Mos.xApi.Tests.csproj", "{E69D006E-AC9C-4184-90B0-C46DDB14A66D}"
EndProject
Global
	GlobalSection(SolutionConfigurationPlatforms) = preSolution
		Debug|Any CPU = Debug|Any CPU
		Release|Any CPU = Release|Any CPU
	EndGlobalSection
	GlobalSection(ProjectConfigurationPlatforms) = postSolution
		{CD621FE4-8CF8-4260-BE5A-4FE1697CC5B2}.Debug|Any CPU.ActiveCfg = Debug|Any CPU
		{CD621FE4-8CF8-4260-BE5A-4FE1697CC5B2}.Debug|Any CPU.Build.0 = Debug|Any CPU
		{CD621FE4-8CF8-4260-BE5A-4FE1697CC5B2}.Release|Any CPU.ActiveCfg = Release|Any CPU
		{CD621FE4-8CF8-4260-BE5A-4FE1697CC5B2}.Release|Any CPU.Build.0 = Release|Any CPU
		{474C1498-4485-4E2A-B836-5D2C9FD37E52}.Debug|Any CPU.ActiveCfg = Debug|Any CPU
		{474C1498-4485-4E2A-B836-5D2C9FD37E52}.Debug|Any CPU.Build.0 = Debug|Any CPU
		{474C1498-4485-4E2A-B836-5D2C9FD37E52}.Release|Any CPU.ActiveCfg = Release|Any CPU
		{474C1498-4485-4E2A-B836-5D2C9FD37E52}.Release|Any CPU.Build.0 = Release|Any CPU
		{E69D006E-AC9C-4184-90B0-C46DDB14A66D}.Debug|Any CPU.ActiveCfg = Debug|Any CPU
		{E69D006E-AC9C-4184-90B0-C46DDB14A66D}.Debug|Any CPU.Build.0 = Debug|Any CPU
		{E69D006E-AC9C-4184-90B0-C46DDB14A66D}.Release|Any CPU.ActiveCfg = Release|Any CPU
		{E69D006E-AC9C-4184-90B0-C46DDB14A66D}.Release|Any CPU.Build.0 = Release|Any CPU
	EndGlobalSection
	GlobalSection(SolutionProperties) = preSolution
		HideSolutionNode = FALSE
	EndGlobalSection
	GlobalSection(NestedProjects) = preSolution
		{CD621FE4-8CF8-4260-BE5A-4FE1697CC5B2} = {F10459BC-D492-4B7E-9EFF-8817E74D8432}
		{474C1498-4485-4E2A-B836-5D2C9FD37E52} = {D831DFB1-8701-43A2-B36C-1BE9D08ED3CA}
		{E69D006E-AC9C-4184-90B0-C46DDB14A66D} = {B1DB09B9-2313-4B5D-962C-6393528641E0}
	EndGlobalSection
EndGlobal
